
Microsoft Visual Studio Solution File, Format Version 12.00
# Visual Studio Version 16
VisualStudioVersion = 16.0.29424.173
MinimumVisualStudioVersion = 10.0.40219.1
Project("{FAE04EC0-301F-11D3-BF4B-00C04F79EFBC}") = "App", "App.csproj", "{8E5E89D7-9347-4B16-B539-4DAF23679156}"
EndProject
Project("{FAE04EC0-301F-11D3-BF4B-00C04F79EFBC}") = "BEUBiblioteca", "..\BEUBiblioteca\BEUBiblioteca.csproj", "{59410A18-D599-46F5-B0DA-C5DDDCCAEF90}"
EndProject
Global
	GlobalSection(SolutionConfigurationPlatforms) = preSolution
		Debug|Any CPU = Debug|Any CPU
		Release|Any CPU = Release|Any CPU
	EndGlobalSection
	GlobalSection(ProjectConfigurationPlatforms) = postSolution
		{8E5E89D7-9347-4B16-B539-4DAF23679156}.Debug|Any CPU.ActiveCfg = Debug|Any CPU
		{8E5E89D7-9347-4B16-B539-4DAF23679156}.Debug|Any CPU.Build.0 = Debug|Any CPU
		{8E5E89D7-9347-4B16-B539-4DAF23679156}.Release|Any CPU.ActiveCfg = Release|Any CPU
		{8E5E89D7-9347-4B16-B539-4DAF23679156}.Release|Any CPU.Build.0 = Release|Any CPU
		{59410A18-D599-46F5-B0DA-C5DDDCCAEF90}.Debug|Any CPU.ActiveCfg = Debug|Any CPU
		{59410A18-D599-46F5-B0DA-C5DDDCCAEF90}.Debug|Any CPU.Build.0 = Debug|Any CPU
		{59410A18-D599-46F5-B0DA-C5DDDCCAEF90}.Release|Any CPU.ActiveCfg = Release|Any CPU
		{59410A18-D599-46F5-B0DA-C5DDDCCAEF90}.Release|Any CPU.Build.0 = Release|Any CPU
	EndGlobalSection
	GlobalSection(SolutionProperties) = preSolution
		HideSolutionNode = FALSE
	EndGlobalSection
	GlobalSection(ExtensibilityGlobals) = postSolution
		SolutionGuid = {354B75F9-9130-41C4-9400-59465819914B}
	EndGlobalSection
EndGlobal
